
Microsoft Visual Studio Solution File, Format Version 12.00
# Visual Studio 2017
Project("{FAE04EC0-301F-11D3-BF4B-00C04F79EFBC}") = "Ghost", "Ghost.csproj", "{99CC6812-D8BA-68E3-CF46-396B2FADE2ED}"
EndProject
Global
	GlobalSection(SolutionConfigurationPlatforms) = preSolution
		Debug|Any CPU = Debug|Any CPU
		Release|Any CPU = Release|Any CPU
	EndGlobalSection
	GlobalSection(ProjectConfigurationPlatforms) = postSolution
		{99CC6812-D8BA-68E3-CF46-396B2FADE2ED}.Debug|Any CPU.ActiveCfg = Debug|Any CPU
		{99CC6812-D8BA-68E3-CF46-396B2FADE2ED}.Debug|Any CPU.Build.0 = Debug|Any CPU
		{99CC6812-D8BA-68E3-CF46-396B2FADE2ED}.Release|Any CPU.ActiveCfg = Release|Any CPU
		{99CC6812-D8BA-68E3-CF46-396B2FADE2ED}.Release|Any CPU.Build.0 = Release|Any CPU
	EndGlobalSection
	GlobalSection(SolutionProperties) = preSolution
		HideSolutionNode = FALSE
	EndGlobalSection
EndGlobal
